[renv]
Version=0.4.0-3

[R]
Version=3.5.2
Repositories=
	CRAN=http://package-proxy
	RSPM=http://cran.rstudio.org

[R/Package/BH]
Package=BH
Version=1.69.0-1
Source=CRAN
Hash=c21ff57827acd7a1e150943fa1264677

[R/Package/DBI]
Package=DBI
Version=1.0.0
Source=CRAN
Hash=94e14b1b10cd45c8f57027d484724e4d

[R/Package/MASS]
Package=MASS
Version=7.3-51.3
Source=CRAN
Hash=ff3234639521e9af0f84a31834c27ea6

[R/Package/Matrix]
Package=Matrix
Version=1.2-15
Source=CRAN
Hash=3f14dad0b07de3177209b666c6835170

[R/Package/R6]
Package=R6
Version=2.4.0
Source=CRAN
Hash=f542e196103d43e270c2f12769143a4c

[R/Package/RColorBrewer]
Package=RColorBrewer
Version=1.1-2
Source=CRAN
Hash=e12d9efbd8540624beb948405e496adf

[R/Package/Rcpp]
Package=Rcpp
Version=1.0.1
Source=CRAN
Hash=afc83bf2a529ebac3a0ac6434772b1c7

[R/Package/V8]
Package=V8
Version=2.2
Source=CRAN
Hash=e83ee7a9d41ca1e16244bf41dd41c065

[R/Package/animation]
Package=animation
Version=2.6
Source=CRAN
Hash=0cfb22aa7f8ba8e33f21b422876f4cd7

[R/Package/askpass]
Package=askpass
Version=1.1
Source=CRAN
Hash=8cf7584c364ebfbd3b84154a0fd0c18d

[R/Package/assertthat]
Package=assertthat
Version=0.2.1
Source=CRAN
Hash=2247b53bdc6a80930cc84f85fb0d04e1

[R/Package/backports]
Package=backports
Version=1.1.4
Source=CRAN
Hash=41bcc4f617da2138bedeab2949b22319

[R/Package/base64enc]
Package=base64enc
Version=0.1-3
Source=CRAN
Hash=9e74499ff4cb4233042ed2d5c662423e

[R/Package/bookdown]
Package=bookdown
Version=0.9
Source=CRAN
Hash=559556a2f9b7da96c9b1c19add3a60c5

[R/Package/broom]
Package=broom
Version=0.5.0
Source=CRAN
Hash=fb7261d2912fdcefad5ab62b6ee58ec8

[R/Package/callr]
Package=callr
Version=2.0.4
Source=CRAN
Hash=f5425c2cd0ba6f8b8ddb795bfef12664

[R/Package/cellranger]
Package=cellranger
Version=1.1.0
Source=CRAN
Hash=641af90204a29039f406800bbbcaccbb

[R/Package/checkmate]
Package=checkmate
Version=1.9.1
Source=CRAN
Hash=7c9ad7cfa5ede32b0f4cd460fc724d67

[R/Package/class]
Package=class
Version=7.3-15
Source=CRAN
Hash=94e89c1461195fe39d479405e10c1649

[R/Package/classInt]
Package=classInt
Version=0.3-1
Source=CRAN
Hash=ba89289816433aac704e893c04434c22

[R/Package/cli]
Package=cli
Version=1.1.0
Source=CRAN
Hash=eedaa1f888777090cdd93d19cb42fdca

[R/Package/clipr]
Package=clipr
Version=0.6.0
Source=CRAN
Hash=5490c3928fef3d47b801bb7a0aa00310

[R/Package/colorspace]
Package=colorspace
Version=1.4-1
Source=CRAN
Hash=705e3eac14c352ff8250ec9c7481c33d

[R/Package/commonmark]
Package=commonmark
Version=1.7
Source=CRAN
Hash=1292628dbd656fd28597cc9c8050333f

[R/Package/countrycode]
Package=countrycode
Version=1.1.0
Source=CRAN
Hash=b17499134832a7105b85f9a372733187

[R/Package/crayon]
Package=crayon
Version=1.3.4
Source=CRAN
Hash=84467438184915ca5bbf3279e1a56b44

[R/Package/curl]
Package=curl
Version=3.3
Source=CRAN
Hash=aaea072ce2cf5f388446650b475874a8

[R/Package/dbplyr]
Package=dbplyr
Version=1.2.2
Source=CRAN
Hash=b2cfbbbeba4e0bff35a8ceeae0dd1c60

[R/Package/digest]
Package=digest
Version=0.6.18
Source=CRAN
Hash=3a0646cd1e9116f7bf03ca88e1e562f8

[R/Package/dplyr]
Package=dplyr
Version=0.8.0.1
Source=CRAN
Hash=7b837a44bdd180ba9ca48274b901e786

[R/Package/e1071]
Package=e1071
Version=1.7-1
Source=CRAN
Hash=fde0b8fde3b5332d2d1b7d0309aa7bf2

[R/Package/evaluate]
Package=evaluate
Version=0.13
Source=CRAN
Hash=687849698546dfab747033af2825b33b

[R/Package/fansi]
Package=fansi
Version=0.4.0
Source=CRAN
Hash=ed266fd17df944c53786d83841c4770f

[R/Package/farver]
Package=farver
Version=1.0
Source=GitHub
RemoteType=github
RemoteHost=https://api.github.com
RemoteRepo=farver
RemoteUsername=thomasp85
RemoteRef=master
RemoteSha=d29b48c51b39f6d41bd1c00c270d22145593d0fa
Hash=052db22e8ece8079414921d0878be6fe

[R/Package/forcats]
Package=forcats
Version=0.3.0
Source=CRAN
Hash=edc907e8a6c6f762136f98735b11073a

[R/Package/foreign]
Package=foreign
Version=0.8-71
Source=CRAN
Hash=c161984777772d695c37665bf2d9a692

[R/Package/fs]
Package=fs
Version=1.2.7
Source=CRAN
Hash=ed5748fb017dc518db34c3273d16d228

[R/Package/gdtools]
Package=gdtools
Version=0.1.7
Source=CRAN
RemoteType=cran
RemoteSha=0.1.7
RemoteRepos=c(CRAN = "http://package-proxy", RSPM = "http://cran.rstudio.org")
RemotePkgType=source
Hash=05a5625a7b6d60e753b4e4ca64f16654

[R/Package/geojson]
Package=geojson
Version=0.3.2
Source=CRAN
Hash=d09092719478af4cab8b13f0ff13a79d

[R/Package/geojsonio]
Package=geojsonio
Version=0.6.0
Source=CRAN
Hash=fa4dff3528aad44b2c9924ce8f7b0981

[R/Package/gganimate]
Package=gganimate
Version=0.9.9.9999
Source=GitHub
Remotes=thomasp85/tweenr, thomasp85/transformr, thomasp85/patchwork
RemoteType=github
RemoteHost=https://api.github.com
RemoteRepo=gganimate
RemoteUsername=thomasp85
RemoteRef=e9822196fe559a8703371cc73467ce83c9a68733
RemoteSha=e9822196fe559a8703371cc73467ce83c9a68733
Hash=738e9804579feb3b6bbdf294bf2b07da

[R/Package/gghighlight]
Package=gghighlight
Version=0.1.0
Source=CRAN
Hash=b7ea8b0e9928e9d3477bd4b43215fa6a

[R/Package/ggplot2]
Package=ggplot2
Version=3.1.1
Source=CRAN
Hash=697553cc988603532e9800d36a58de41

[R/Package/ggrepel]
Package=ggrepel
Version=0.8.0
Source=CRAN
Hash=af0b5b2bb2cce257c8b977ed462c7d9f

[R/Package/glue]
Package=glue
Version=1.3.1
Source=CRAN
Hash=9611ef23b274cfa43c85839a183948dc

[R/Package/gt]
Package=gt
Version=0.1.0
Source=GitHub
Remotes=rstudio/sass
RemoteType=github
RemoteHost=api.github.com
RemoteRepo=gt
RemoteUsername=rstudio
RemoteRef=master
RemoteSha=1f8f97b66b6715a49839af7683ae151c75b4067f
Hash=479718df7e11abc70e95b710505a22a4

[R/Package/gtable]
Package=gtable
Version=0.3.0
Source=CRAN
Hash=a20c2bde56b0b3a359ec5e46df1f70af

[R/Package/gtools]
Package=gtools
Version=3.8.1
Source=CRAN
Hash=5df47275cec3ab4346f2fcd6ee634a78

[R/Package/haven]
Package=haven
Version=1.1.2
Source=CRAN
Hash=4dfa90a7746012a247787948c849749d

[R/Package/here]
Package=here
Version=0.1
Source=CRAN
Hash=8108d43164849b951a38e7035b51c002

[R/Package/highr]
Package=highr
Version=0.8
Source=CRAN
Hash=b065e59a9c15cb94d07d1390f7e0e81c

[R/Package/hms]
Package=hms
Version=0.4.2
Source=CRAN
Hash=f5f7d85bc2f835b6ed2990d5ba43276d

[R/Package/htmltools]
Package=htmltools
Version=0.3.6
Source=CRAN
Hash=b51a95de8992a1ffae14c4152b66f56e

[R/Package/httpuv]
Package=httpuv
Version=1.5.1
Source=CRAN
Hash=172a8ab0ae3be5a209f4abcc57ffa91b

[R/Package/httr]
Package=httr
Version=1.4.0
Source=CRAN
Hash=dacc39276974a4b2342659368a7b623b

[R/Package/jqr]
Package=jqr
Version=1.1.0
Source=CRAN
Hash=7991ea8822a1b17154b58eff0963ed79

[R/Package/jsonlite]
Package=jsonlite
Version=1.6
Source=CRAN
Hash=9098f8f59907a1180f3a2ff469cd67f2

[R/Package/knitr]
Package=knitr
Version=1.22
Source=CRAN
Hash=9484d20ee987017c7c9ceb97c1739d27

[R/Package/labeling]
Package=labeling
Version=0.3
Source=CRAN
Hash=701b56435d3771d042b816ff1abb9944

[R/Package/later]
Package=later
Version=0.8.0
Source=CRAN
Hash=f903869140080b78237cac16e3bcf869

[R/Package/lattice]
Package=lattice
Version=0.20-38
Source=CRAN
Hash=ab950ea929b83c44eeba6ce00e280f9a

[R/Package/lazyeval]
Package=lazyeval
Version=0.2.2
Source=CRAN
Hash=a230d72a95d16715973ad2ae0664cfc0

[R/Package/lpSolve]
Package=lpSolve
Version=5.6.13
Source=CRAN
RemoteType=cran
RemoteSha=5.6.13
RemoteRepos=c(CRAN = "http://package-proxy", RSPM = "http://cran.rstudio.org")
RemotePkgType=source
Hash=ff5c74f0ec3ee30d0006966e8f91c205

[R/Package/lubridate]
Package=lubridate
Version=1.7.4
Source=CRAN
Hash=a029e4bbebf820cb061be3eede251988

[R/Package/magick]
Package=magick
Version=2.0
Source=CRAN
Hash=3f5ead93641f478e7c2aee9c513801c8

[R/Package/magrittr]
Package=magrittr
Version=1.5
Source=CRAN
Hash=1063976a6affe09eb75fc2927b8d4d9d

[R/Package/maps]
Package=maps
Version=3.3.0
Source=CRAN
Hash=0fbf7c8eb949a8c135d375c32e639369

[R/Package/maptools]
Package=maptools
Version=0.9-5
Source=CRAN
Hash=a5cf159bc6bb480957479e6a19224f35

[R/Package/markdown]
Package=markdown
Version=0.9
Source=CRAN
Hash=e7eb392ca6f903c18fa50e1fc88d617a

[R/Package/mgcv]
Package=mgcv
Version=1.8-26
Source=CRAN
Hash=81083b2f0665de2fde13aba1312d0c09

[R/Package/mime]
Package=mime
Version=0.6
Source=CRAN
Hash=976803fdcdc85d33c36218b44156e1c1

[R/Package/modelr]
Package=modelr
Version=0.1.2
Source=CRAN
Hash=2cd215185c6a90b8a3b2c531afb979d3

[R/Package/munsell]
Package=munsell
Version=0.5.0
Source=CRAN
Hash=504a3c6bd8b5b9c1f4dd9065ead25c9a

[R/Package/nlme]
Package=nlme
Version=3.1-137
Source=CRAN
Hash=7467c94bb956dbfe03f05ceb944d18f4

[R/Package/openssl]
Package=openssl
Version=1.3
Source=CRAN
Hash=54c10fdc44f59c4a2ee530ff8bc0073b

[R/Package/pagedown]
Package=pagedown
Version=0.2.5
Source=GitHub
RemoteType=github
RemoteHost=api.github.com
RemoteRepo=pagedown
RemoteUsername=rstudio
RemoteRef=master
RemoteSha=6de00822d115ba6592da0b8bb93098339d5f007c
Hash=c042d5c7e12670a8a3efde5dc79c20f3

[R/Package/patchwork]
Package=patchwork
Version=0.0.1
Source=GitHub
RemoteType=github
RemoteHost=https://api.github.com
RemoteRepo=patchwork
RemoteUsername=thomasp85
RemoteRef=master
RemoteSha=7fb35b1fc8d42096df6f696a0123685bab1db777
Hash=c5cd44cdad27c50bb76d2aecd30b98a4

[R/Package/pillar]
Package=pillar
Version=1.3.1
Source=CRAN
Hash=047950e50e884512870c52c21e9317cd

[R/Package/pkgconfig]
Package=pkgconfig
Version=2.0.2
Source=CRAN
Hash=cb8f27ad9e671904636c04acd56131f0

[R/Package/plogr]
Package=plogr
Version=0.2.0
Source=CRAN
Hash=a99927b0b9c09008dd207da128bb050f

[R/Package/plyr]
Package=plyr
Version=1.8.4
Source=CRAN
Hash=22a149ed250857f9159e7ed078ea94a6

[R/Package/prettyunits]
Package=prettyunits
Version=1.0.2
Source=CRAN
RemoteType=cran
RemoteSha=1.0.2
RemoteRepos=c(CRAN = "http://package-proxy", RSPM = "http://cran.rstudio.org")
RemotePkgType=source
Hash=7d00b61897a4a5840e8a3ac2acf44bbf

[R/Package/processx]
Package=processx
Version=3.3.0
Source=CRAN
Hash=c5f4e7f2fd295a31f1e3b752b0e7b01c

[R/Package/progress]
Package=progress
Version=1.2.0
Source=CRAN
RemoteType=cran
RemoteSha=1.2.0
RemoteRepos=c(CRAN = "http://package-proxy", RSPM = "http://cran.rstudio.org")
RemotePkgType=source
Hash=8b0f32b69b3fd95bf73d1e4a5ab4c677

[R/Package/promises]
Package=promises
Version=1.0.1
Source=CRAN
Hash=7288c7de35370404d6c2bcfabac48c3c

[R/Package/protolite]
Package=protolite
Version=1.8
Source=CRAN
Hash=a2c5c9c23d1c880aefe89df16309bb11

[R/Package/ps]
Package=ps
Version=1.3.0
Source=CRAN
Hash=4a21b2c9033d140e122ed23d16592f22

[R/Package/purrr]
Package=purrr
Version=0.3.2
Source=CRAN
Hash=27e0729a3fe0e9a66f6a53f677dda4f8

[R/Package/rappdirs]
Package=rappdirs
Version=0.3.1
Source=CRAN
Hash=48312ab82b6c1602b83211ee500f783d

[R/Package/readr]
Package=readr
Version=1.3.1
Source=CRAN
Hash=2611ed0db33c461567329314edd04bc5

[R/Package/readxl]
Package=readxl
Version=1.1.0
Source=CRAN
Hash=7f83c29d6c3ba9073f884d8a648c8e28

[R/Package/rematch]
Package=rematch
Version=1.0.1
Source=CRAN
Hash=a64ac0bf7d11782324b6d3acb62f7760

[R/Package/reprex]
Package=reprex
Version=0.2.0
Source=CRAN
Hash=d860aa10cca49d245ac96b3000f3730e

[R/Package/reshape2]
Package=reshape2
Version=1.4.3
Source=CRAN
Hash=431389bf4e0708ebafb1dec474f3cba8

[R/Package/rgdal]
Package=rgdal
Version=1.4-3
Source=CRAN
Hash=77043a88420cd05a0a793e63a15c4370

[R/Package/rgeos]
Package=rgeos
Version=0.4-2
Source=CRAN
Hash=e195511f9ff173ae925a6b743573e4fd

[R/Package/rlang]
Package=rlang
Version=0.3.4
Source=CRAN
Hash=11a12baf65c41f898629886455ddebd0

[R/Package/rmarkdown]
Package=rmarkdown
Version=1.12
Source=CRAN
Hash=2e25b932033badfa171a1c6a3de49ef2

[R/Package/rolldown]
Package=rolldown
Version=0.0.2
Source=GitHub
RemoteType=github
RemoteHost=api.github.com
RemoteRepo=rolldown
RemoteUsername=uncoast-unconf
RemoteRef=master
RemoteSha=ef0cc73db40d6786722facc2f9a7eaa47e0a5b4e
Hash=540f2c45ac1a9741164655072fe5da48

[R/Package/rprojroot]
Package=rprojroot
Version=1.3-2
Source=CRAN
Hash=e6c60a758ed15027bf9ba44701d2e01d

[R/Package/rstudioapi]
Package=rstudioapi
Version=0.7
Source=CRAN
Hash=203886d096c8db26282076732fecd070

[R/Package/rvest]
Package=rvest
Version=0.3.2
Source=CRAN
Hash=226f151230039b7032a5c0f2a32974b7

[R/Package/sass]
Package=sass
Version=0.1.0.9000
Source=GitHub
RemoteType=github
RemoteHost=api.github.com
RemoteRepo=sass
RemoteUsername=rstudio
RemoteRef=master
RemoteSha=c3ba17c64345667addc4cb44fe9f11364b4f9011
Hash=b792c6a121d5d397ed4b774b03b2c832

[R/Package/scales]
Package=scales
Version=1.0.0
Source=CRAN
Hash=55f0078e1e49c799686b5cb57f886087

[R/Package/selectr]
Package=selectr
Version=0.4-1
Source=CRAN
Hash=a7129d8308a220ff96d9d994d7f12767

[R/Package/servr]
Package=servr
Version=0.13
Source=CRAN
Hash=ae3676395f0f2b612e9c23185bb44fc7

[R/Package/sf]
Package=sf
Version=0.7-3
Source=CRAN
Hash=c8d35b20d6cda82201ddda8ea87b068f

[R/Package/sp]
Package=sp
Version=1.3-1
Source=CRAN
Hash=06f4b195f895e0557eb715dcf7e033b7

[R/Package/spData]
Package=spData
Version=0.2.9.0
Source=CRAN
RemoteType=cran
RemoteSha=0.2.9.0
RemoteRepos=c(CRAN = "http://package-proxy", RSPM = "http://cran.rstudio.org")
RemotePkgType=source
Hash=17f1bc4c15c2535cc670c21ab130ca35

[R/Package/stringi]
Package=stringi
Version=1.4.3
Source=CRAN
Hash=173c63cf8b9f876dba8b2984ce7a65d7

[R/Package/stringr]
Package=stringr
Version=1.4.0
Source=CRAN
Hash=813b06afd70ca31c1071395d49346b89

[R/Package/svglite]
Package=svglite
Version=1.2.1
Source=CRAN
RemoteType=cran
RemoteSha=1.2.1
RemoteRepos=c(CRAN = "http://package-proxy", RSPM = "http://cran.rstudio.org")
RemotePkgType=source
Hash=0a9de50db1fb8dd81ef0c79d7a478574

[R/Package/sys]
Package=sys
Version=3.1
Source=CRAN
Hash=4bbccf5d6cbaafdc1c5ef62e2241940f

[R/Package/tibble]
Package=tibble
Version=2.1.1
Source=CRAN
Hash=7731263493ca3f1c7c868e7bfb5d92aa

[R/Package/tidyr]
Package=tidyr
Version=0.8.3
Source=CRAN
Hash=4cbf3f2ffac9ac51eef66c13bcd0f222

[R/Package/tidyselect]
Package=tidyselect
Version=0.2.5
Source=CRAN
Hash=40aceb5150e00cfe7a4999b4672cf614

[R/Package/tidyverse]
Package=tidyverse
Version=1.2.1
Source=CRAN
Hash=ed06631956271b1fd125d30ca18d3dab

[R/Package/tigris]
Package=tigris
Version=0.7
Source=CRAN
Hash=2a1c5fbb4d33a7b6fce5c3fdde992783

[R/Package/tinytex]
Package=tinytex
Version=0.12
Source=CRAN
Hash=304ad8e06578fdb1f3214c5acd599796

[R/Package/transformr]
Package=transformr
Version=0.1.0
Source=GitHub
Remotes=thomasp85/tweenr
RemoteType=github
RemoteHost=https://api.github.com
RemoteRepo=transformr
RemoteUsername=thomasp85
RemoteRef=master
RemoteSha=34e07ea5d4f2f974a3925076f7467cf80972196e
Hash=117db9ba4f6cb29ba9619f2b9c5df7ab

[R/Package/tweenr]
Package=tweenr
Version=0.1.5.9999
Source=GitHub
Remotes=thomasp85/farver
RemoteType=github
RemoteHost=https://api.github.com
RemoteRepo=tweenr
RemoteUsername=thomasp85
RemoteRef=master
RemoteSha=1bae43d01995c4f902786f92a01acc5b99da23c9
Hash=543700a2957281d5182f076364f3e0ea

[R/Package/units]
Package=units
Version=0.6-2
Source=CRAN
Hash=ad0496e5cd2386bff439ec13411a41bb

[R/Package/utf8]
Package=utf8
Version=1.1.4
Source=CRAN
Hash=6399c80981358af7b39c217c72f22785

[R/Package/uuid]
Package=uuid
Version=0.1-2
Source=CRAN
Hash=277fab2e985d591298ea1fa400e884d8

[R/Package/viridisLite]
Package=viridisLite
Version=0.3.0
Source=CRAN
Hash=732c3dabc42bce1fafb5d286184804c6

[R/Package/whisker]
Package=whisker
Version=0.3-2
Source=CRAN
Hash=cf13162701dd6681e36c1ea115deb545

[R/Package/withr]
Package=withr
Version=2.1.2
Source=CRAN
Hash=844aae4b78fac8f6ed2541cde1facdb3

[R/Package/xfun]
Package=xfun
Version=0.6
Source=CRAN
Hash=f17f03efce059c8d17afa3b6787cffa5

[R/Package/xml2]
Package=xml2
Version=1.2.0
Source=CRAN
Hash=db809854a56ab0487ae935259e53a631

[R/Package/yaml]
Package=yaml
Version=2.2.0
Source=CRAN
Hash=9db4f908886820b37f76b5ecc52c76e6

